<?xml version="1.0" encoding="utf-8"?>
<Project ToolsVersion="4.0" xmlns="http://schemas.microsoft.com/developer/msbuild/2003">
  <ItemGroup>
    <ClInclude Include="libutils.h" />
    <ClInclude Include="libutils_header.h" />
  </ItemGroup>
  <ItemGroup>
    <ClCompile Include="libutils.cpp" />
    <ClCompile Include="libutils_debug.cpp" />
    <ClCompile Include="libutils_internal.cpp" />
    <ClCompile Include="libutils_dllmain.cpp" />
  </ItemGroup>
  <ItemGroup>
    <Text Include="TODO.txt" />
  </ItemGroup>
</Project>