
Microsoft Visual Studio Solution File, Format Version 12.00
# Visual Studio Version 17
VisualStudioVersion = 17.8.34309.116
MinimumVisualStudioVersion = 10.0.40219.1
Project("{8BC9CEB8-8B4A-11D0-8D11-00A0C91BC942}") = "libmath", "libmath.vcxproj", "{DCB7E0B8-BDE4-4E21-A63B-BF25CD7252BE}"
EndProject
Global
	GlobalSection(SolutionConfigurationPlatforms) = preSolution
		Debug|x64 = Debug|x64
		Release|x64 = Release|x64
	EndGlobalSection
	GlobalSection(ProjectConfigurationPlatforms) = postSolution
		{DCB7E0B8-BDE4-4E21-A63B-BF25CD7252BE}.Debug|x64.ActiveCfg = Debug|x64
		{DCB7E0B8-BDE4-4E21-A63B-BF25CD7252BE}.Debug|x64.Build.0 = Debug|x64
		{DCB7E0B8-BDE4-4E21-A63B-BF25CD7252BE}.Release|x64.ActiveCfg = Release|x64
		{DCB7E0B8-BDE4-4E21-A63B-BF25CD7252BE}.Release|x64.Build.0 = Release|x64
	EndGlobalSection
	GlobalSection(SolutionProperties) = preSolution
		HideSolutionNode = FALSE
	EndGlobalSection
	GlobalSection(ExtensibilityGlobals) = postSolution
		SolutionGuid = {768E9C03-B74F-41EB-BF72-DC14DAE1C548}
	EndGlobalSection
EndGlobal
